
Microsoft Visual Studio Solution File, Format Version 12.00
# Visual Studio Version 16
VisualStudioVersion = 16.0.30011.22
MinimumVisualStudioVersion = 10.0.40219.1
Project("{FAE04EC0-301F-11D3-BF4B-00C04F79EFBC}") = "Parcial1-Ap2-Nuñez", "Parcial1-Ap2-Nuñez\Parcial1-Ap2-Nuñez.csproj", "{FA6F2C2F-53B2-4004-B720-6A1ED1C47635}"
EndProject
Global
	GlobalSection(SolutionConfigurationPlatforms) = preSolution
		Debug|Any CPU = Debug|Any CPU
		Release|Any CPU = Release|Any CPU
	EndGlobalSection
	GlobalSection(ProjectConfigurationPlatforms) = postSolution
		{FA6F2C2F-53B2-4004-B720-6A1ED1C47635}.Debug|Any CPU.ActiveCfg = Debug|Any CPU
		{FA6F2C2F-53B2-4004-B720-6A1ED1C47635}.Debug|Any CPU.Build.0 = Debug|Any CPU
		{FA6F2C2F-53B2-4004-B720-6A1ED1C47635}.Release|Any CPU.ActiveCfg = Release|Any CPU
		{FA6F2C2F-53B2-4004-B720-6A1ED1C47635}.Release|Any CPU.Build.0 = Release|Any CPU
	EndGlobalSection
	GlobalSection(SolutionProperties) = preSolution
		HideSolutionNode = FALSE
	EndGlobalSection
	GlobalSection(ExtensibilityGlobals) = postSolution
		SolutionGuid = {F52A40D4-7D11-4B13-862F-5148EC796866}
	EndGlobalSection
EndGlobal
